// !$*UTF8*$!
{
	archiveVersion = 1;
	classes = {
	};
	objectVersion = 52;
	objects = {

/* Begin PBXBuildFile section */
		0559D35A25F164D0000D07A1 /* RxCocoa in Frameworks */ = {isa = PBXBuildFile; productRef = 0559D35925F164D0000D07A1 /* RxCocoa */; };
		055C33BC25F1855000F8A80A /* DogsListBuilder.swift in Sources */ = {isa = PBXBuildFile; fileRef = 055C33BB25F1855000F8A80A /* DogsListBuilder.swift */; };
		055C33C225F1B1D700F8A80A /* RxDataSources in Frameworks */ = {isa = PBXBuildFile; productRef = 055C33C125F1B1D700F8A80A /* RxDataSources */; };
		055C33C925F1B82700F8A80A /* DogDetailViewModel.swift in Sources */ = {isa = PBXBuildFile; fileRef = 055C33C825F1B82700F8A80A /* DogDetailViewModel.swift */; };
		055C33CE25F1B83100F8A80A /* DogDetailRouter.swift in Sources */ = {isa = PBXBuildFile; fileRef = 055C33CD25F1B83100F8A80A /* DogDetailRouter.swift */; };
		055C33D625F1B85C00F8A80A /* DogDetailViewController.swift in Sources */ = {isa = PBXBuildFile; fileRef = 055C33D525F1B85C00F8A80A /* DogDetailViewController.swift */; };
		055C33DB25F1B86700F8A80A /* DogDetailBuilder.swift in Sources */ = {isa = PBXBuildFile; fileRef = 055C33DA25F1B86700F8A80A /* DogDetailBuilder.swift */; };
		055C340525F1F1A500F8A80A /* Kingfisher in Frameworks */ = {isa = PBXBuildFile; productRef = 055C340425F1F1A500F8A80A /* Kingfisher */; };
		055C340A25F1FA3300F8A80A /* DogDetailCollectionViewCell.swift in Sources */ = {isa = PBXBuildFile; fileRef = 055C340925F1FA3200F8A80A /* DogDetailCollectionViewCell.swift */; };
		055C341125F20F5500F8A80A /* UIFont+nunito.swift in Sources */ = {isa = PBXBuildFile; fileRef = 055C341025F20F5500F8A80A /* UIFont+nunito.swift */; };
		055D435C25F28AFA008BDC80 /* RAMAnimatedTabBarController in Frameworks */ = {isa = PBXBuildFile; productRef = 055D435B25F28AFA008BDC80 /* RAMAnimatedTabBarController */; };
		055D436225F28C3D008BDC80 /* MainTabBarViewController.swift in Sources */ = {isa = PBXBuildFile; fileRef = 055D436125F28C3D008BDC80 /* MainTabBarViewController.swift */; };
		055D437925F28DBD008BDC80 /* MainBuilder.swift in Sources */ = {isa = PBXBuildFile; fileRef = 055D437825F28DBD008BDC80 /* MainBuilder.swift */; };
		055D437E25F28E03008BDC80 /* MainViewModel.swift in Sources */ = {isa = PBXBuildFile; fileRef = 055D437D25F28E03008BDC80 /* MainViewModel.swift */; };
		055D438325F28E0E008BDC80 /* MainRouter.swift in Sources */ = {isa = PBXBuildFile; fileRef = 055D438225F28E0E008BDC80 /* MainRouter.swift */; };
		055D438B25F2997A008BDC80 /* UIColor+DogMane.swift in Sources */ = {isa = PBXBuildFile; fileRef = 055D438A25F2997A008BDC80 /* UIColor+DogMane.swift */; };
		055D439125F2B170008BDC80 /* RandomDogViewController.swift in Sources */ = {isa = PBXBuildFile; fileRef = 055D439025F2B170008BDC80 /* RandomDogViewController.swift */; };
		055D439925F2B17C008BDC80 /* RandomDogViewModel.swift in Sources */ = {isa = PBXBuildFile; fileRef = 055D439825F2B17C008BDC80 /* RandomDogViewModel.swift */; };
		055D439E25F2B183008BDC80 /* RandomDogRouter.swift in Sources */ = {isa = PBXBuildFile; fileRef = 055D439D25F2B183008BDC80 /* RandomDogRouter.swift */; };
		055D43A325F2B189008BDC80 /* RandomDogBuilder.swift in Sources */ = {isa = PBXBuildFile; fileRef = 055D43A225F2B189008BDC80 /* RandomDogBuilder.swift */; };
		055D43A925F2B612008BDC80 /* SnapKit in Frameworks */ = {isa = PBXBuildFile; productRef = 055D43A825F2B612008BDC80 /* SnapKit */; };
		055D43C525F2BD1A008BDC80 /* Nunito-ExtraBold.ttf in Resources */ = {isa = PBXBuildFile; fileRef = 055D43B725F2BD19008BDC80 /* Nunito-ExtraBold.ttf */; };
		055D43C625F2BD1A008BDC80 /* Nunito-ExtraLight.ttf in Resources */ = {isa = PBXBuildFile; fileRef = 055D43B825F2BD19008BDC80 /* Nunito-ExtraLight.ttf */; };
		055D43C725F2BD1A008BDC80 /* Nunito-RegularItalic.ttf in Resources */ = {isa = PBXBuildFile; fileRef = 055D43B925F2BD19008BDC80 /* Nunito-RegularItalic.ttf */; };
		055D43C825F2BD1A008BDC80 /* Nunito-BoldItalic.ttf in Resources */ = {isa = PBXBuildFile; fileRef = 055D43BA25F2BD19008BDC80 /* Nunito-BoldItalic.ttf */; };
		055D43C925F2BD1A008BDC80 /* Nunito-Bold.ttf in Resources */ = {isa = PBXBuildFile; fileRef = 055D43BB25F2BD19008BDC80 /* Nunito-Bold.ttf */; };
		055D43CA25F2BD1A008BDC80 /* Nunito-Regular.ttf in Resources */ = {isa = PBXBuildFile; fileRef = 055D43BC25F2BD1A008BDC80 /* Nunito-Regular.ttf */; };
		055D43CB25F2BD1A008BDC80 /* Nunito-SemiBoldItalic.ttf in Resources */ = {isa = PBXBuildFile; fileRef = 055D43BD25F2BD1A008BDC80 /* Nunito-SemiBoldItalic.ttf */; };
		055D43CC25F2BD1A008BDC80 /* Nunito-Light.ttf in Resources */ = {isa = PBXBuildFile; fileRef = 055D43BE25F2BD1A008BDC80 /* Nunito-Light.ttf */; };
		055D43CD25F2BD1A008BDC80 /* Nunito-BlackItalic.ttf in Resources */ = {isa = PBXBuildFile; fileRef = 055D43BF25F2BD1A008BDC80 /* Nunito-BlackItalic.ttf */; };
		055D43CE25F2BD1A008BDC80 /* Nunito-LightItalic.ttf in Resources */ = {isa = PBXBuildFile; fileRef = 055D43C025F2BD1A008BDC80 /* Nunito-LightItalic.ttf */; };
		055D43CF25F2BD1A008BDC80 /* Nunito-Black.ttf in Resources */ = {isa = PBXBuildFile; fileRef = 055D43C125F2BD1A008BDC80 /* Nunito-Black.ttf */; };
		055D43D025F2BD1A008BDC80 /* Nunito-ExtraBoldItalic.ttf in Resources */ = {isa = PBXBuildFile; fileRef = 055D43C225F2BD1A008BDC80 /* Nunito-ExtraBoldItalic.ttf */; };
		055D43D125F2BD1A008BDC80 /* Nunito-SemiBold.ttf in Resources */ = {isa = PBXBuildFile; fileRef = 055D43C325F2BD1A008BDC80 /* Nunito-SemiBold.ttf */; };
		055D43D225F2BD1A008BDC80 /* Nunito-ExtraLightItalic.ttf in Resources */ = {isa = PBXBuildFile; fileRef = 055D43C425F2BD1A008BDC80 /* Nunito-ExtraLightItalic.ttf */; };
		055D43D825F2C07B008BDC80 /* SBCardPopup in Frameworks */ = {isa = PBXBuildFile; productRef = 055D43D725F2C07B008BDC80 /* SBCardPopup */; };
		055D43DE25F2CB14008BDC80 /* Realm in Frameworks */ = {isa = PBXBuildFile; productRef = 055D43DD25F2CB14008BDC80 /* Realm */; };
		055D43E025F2CB14008BDC80 /* RealmSwift in Frameworks */ = {isa = PBXBuildFile; productRef = 055D43DF25F2CB14008BDC80 /* RealmSwift */; };
		055D43EF25F2E9B4008BDC80 /* FSPagerView in Frameworks */ = {isa = PBXBuildFile; productRef = 055D43EE25F2E9B4008BDC80 /* FSPagerView */; };
		055D43F825F30C29008BDC80 /* ImagePicker in Frameworks */ = {isa = PBXBuildFile; productRef = 055D43F725F30C29008BDC80 /* ImagePicker */; };
		0565AC6525F15DA300757AB1 /* AppDelegate.swift in Sources */ = {isa = PBXBuildFile; fileRef = 0565AC6425F15DA300757AB1 /* AppDelegate.swift */; };
		0565AC6925F15DA300757AB1 /* DogsListViewController.swift in Sources */ = {isa = PBXBuildFile; fileRef = 0565AC6825F15DA300757AB1 /* DogsListViewController.swift */; };
		0565AC6E25F15DAB00757AB1 /* Assets.xcassets in Resources */ = {isa = PBXBuildFile; fileRef = 0565AC6D25F15DAB00757AB1 /* Assets.xcassets */; };
		0565AC7125F15DAB00757AB1 /* LaunchScreen.storyboard in Resources */ = {isa = PBXBuildFile; fileRef = 0565AC6F25F15DAB00757AB1 /* LaunchScreen.storyboard */; };
		0565AC7C25F15DAB00757AB1 /* DogManeTests.swift in Sources */ = {isa = PBXBuildFile; fileRef = 0565AC7B25F15DAB00757AB1 /* DogManeTests.swift */; };
		0565AC8725F15DAB00757AB1 /* DogManeUITests.swift in Sources */ = {isa = PBXBuildFile; fileRef = 0565AC8625F15DAB00757AB1 /* DogManeUITests.swift */; };
		0565AC9925F15E2900757AB1 /* Domain in Frameworks */ = {isa = PBXBuildFile; productRef = 0565AC9825F15E2900757AB1 /* Domain */; };
		0565AC9F25F1601300757AB1 /* Network in Frameworks */ = {isa = PBXBuildFile; productRef = 0565AC9E25F1601300757AB1 /* Network */; };
		0569318925F16E9700A8DE42 /* DogsListViewModel.swift in Sources */ = {isa = PBXBuildFile; fileRef = 0569318825F16E9700A8DE42 /* DogsListViewModel.swift */; };
		056931A025F16F1800A8DE42 /* ViewControllerProtocol.swift in Sources */ = {isa = PBXBuildFile; fileRef = 0569319A25F16F1700A8DE42 /* ViewControllerProtocol.swift */; };
		056931A125F16F1800A8DE42 /* ViewModelDataSourceProtocol.swift in Sources */ = {isa = PBXBuildFile; fileRef = 0569319B25F16F1800A8DE42 /* ViewModelDataSourceProtocol.swift */; };
		056931A225F16F1800A8DE42 /* ViewModelProtocol.swift in Sources */ = {isa = PBXBuildFile; fileRef = 0569319C25F16F1800A8DE42 /* ViewModelProtocol.swift */; };
		056931A325F16F1800A8DE42 /* Builder.swift in Sources */ = {isa = PBXBuildFile; fileRef = 0569319D25F16F1800A8DE42 /* Builder.swift */; };
		056931A425F16F1800A8DE42 /* RouterProtocol.swift in Sources */ = {isa = PBXBuildFile; fileRef = 0569319E25F16F1800A8DE42 /* RouterProtocol.swift */; };
		056931AE25F16FD500A8DE42 /* DogsListRouter.swift in Sources */ = {isa = PBXBuildFile; fileRef = 056931AD25F16FD500A8DE42 /* DogsListRouter.swift */; };
/* End PBXBuildFile section */

/* Begin PBXContainerItemProxy section */
		0565AC7825F15DAB00757AB1 /* PBXContainerItemProxy */ = {
			isa = PBXContainerItemProxy;
			containerPortal = 0565AC5925F15DA300757AB1 /* Project object */;
			proxyType = 1;
			remoteGlobalIDString = 0565AC6025F15DA300757AB1;
			remoteInfo = DogMane;
		};
		0565AC8325F15DAB00757AB1 /* PBXContainerItemProxy */ = {
			isa = PBXContainerItemProxy;
			containerPortal = 0565AC5925F15DA300757AB1 /* Project object */;
			proxyType = 1;
			remoteGlobalIDString = 0565AC6025F15DA300757AB1;
			remoteInfo = DogMane;
		};
/* End PBXContainerItemProxy section */

/* Begin PBXFileReference section */
		055C33BB25F1855000F8A80A /* DogsListBuilder.swift */ = {isa = PBXFileReference; lastKnownFileType = sourcecode.swift; path = DogsListBuilder.swift; sourceTree = "<group>"; };
		055C33C825F1B82700F8A80A /* DogDetailViewModel.swift */ = {isa = PBXFileReference; lastKnownFileType = sourcecode.swift; path = DogDetailViewModel.swift; sourceTree = "<group>"; };
		055C33CD25F1B83100F8A80A /* DogDetailRouter.swift */ = {isa = PBXFileReference; lastKnownFileType = sourcecode.swift; path = DogDetailRouter.swift; sourceTree = "<group>"; };
		055C33D525F1B85C00F8A80A /* DogDetailViewController.swift */ = {isa = PBXFileReference; lastKnownFileType = sourcecode.swift; path = DogDetailViewController.swift; sourceTree = "<group>"; };
		055C33DA25F1B86700F8A80A /* DogDetailBuilder.swift */ = {isa = PBXFileReference; lastKnownFileType = sourcecode.swift; path = DogDetailBuilder.swift; sourceTree = "<group>"; };
		055C340925F1FA3200F8A80A /* DogDetailCollectionViewCell.swift */ = {isa = PBXFileReference; lastKnownFileType = sourcecode.swift; path = DogDetailCollectionViewCell.swift; sourceTree = "<group>"; };
		055C341025F20F5500F8A80A /* UIFont+nunito.swift */ = {isa = PBXFileReference; lastKnownFileType = sourcecode.swift; path = "UIFont+nunito.swift"; sourceTree = "<group>"; };
		055D436125F28C3D008BDC80 /* MainTabBarViewController.swift */ = {isa = PBXFileReference; lastKnownFileType = sourcecode.swift; path = MainTabBarViewController.swift; sourceTree = "<group>"; };
		055D437825F28DBD008BDC80 /* MainBuilder.swift */ = {isa = PBXFileReference; lastKnownFileType = sourcecode.swift; path = MainBuilder.swift; sourceTree = "<group>"; };
		055D437D25F28E03008BDC80 /* MainViewModel.swift */ = {isa = PBXFileReference; lastKnownFileType = sourcecode.swift; path = MainViewModel.swift; sourceTree = "<group>"; };
		055D438225F28E0E008BDC80 /* MainRouter.swift */ = {isa = PBXFileReference; lastKnownFileType = sourcecode.swift; path = MainRouter.swift; sourceTree = "<group>"; };
		055D438A25F2997A008BDC80 /* UIColor+DogMane.swift */ = {isa = PBXFileReference; lastKnownFileType = sourcecode.swift; path = "UIColor+DogMane.swift"; sourceTree = "<group>"; };
		055D439025F2B170008BDC80 /* RandomDogViewController.swift */ = {isa = PBXFileReference; lastKnownFileType = sourcecode.swift; path = RandomDogViewController.swift; sourceTree = "<group>"; };
		055D439825F2B17C008BDC80 /* RandomDogViewModel.swift */ = {isa = PBXFileReference; lastKnownFileType = sourcecode.swift; path = RandomDogViewModel.swift; sourceTree = "<group>"; };
		055D439D25F2B183008BDC80 /* RandomDogRouter.swift */ = {isa = PBXFileReference; lastKnownFileType = sourcecode.swift; path = RandomDogRouter.swift; sourceTree = "<group>"; };
		055D43A225F2B189008BDC80 /* RandomDogBuilder.swift */ = {isa = PBXFileReference; lastKnownFileType = sourcecode.swift; path = RandomDogBuilder.swift; sourceTree = "<group>"; };
		055D43B725F2BD19008BDC80 /* Nunito-ExtraBold.ttf */ = {isa = PBXFileReference; lastKnownFileType = file; path = "Nunito-ExtraBold.ttf"; sourceTree = "<group>"; };
		055D43B825F2BD19008BDC80 /* Nunito-ExtraLight.ttf */ = {isa = PBXFileReference; lastKnownFileType = file; path = "Nunito-ExtraLight.ttf"; sourceTree = "<group>"; };
		055D43B925F2BD19008BDC80 /* Nunito-RegularItalic.ttf */ = {isa = PBXFileReference; lastKnownFileType = file; path = "Nunito-RegularItalic.ttf"; sourceTree = "<group>"; };
		055D43BA25F2BD19008BDC80 /* Nunito-BoldItalic.ttf */ = {isa = PBXFileReference; lastKnownFileType = file; path = "Nunito-BoldItalic.ttf"; sourceTree = "<group>"; };
		055D43BB25F2BD19008BDC80 /* Nunito-Bold.ttf */ = {isa = PBXFileReference; lastKnownFileType = file; path = "Nunito-Bold.ttf"; sourceTree = "<group>"; };
		055D43BC25F2BD1A008BDC80 /* Nunito-Regular.ttf */ = {isa = PBXFileReference; lastKnownFileType = file; path = "Nunito-Regular.ttf"; sourceTree = "<group>"; };
		055D43BD25F2BD1A008BDC80 /* Nunito-SemiBoldItalic.ttf */ = {isa = PBXFileReference; lastKnownFileType = file; path = "Nunito-SemiBoldItalic.ttf"; sourceTree = "<group>"; };
		055D43BE25F2BD1A008BDC80 /* Nunito-Light.ttf */ = {isa = PBXFileReference; lastKnownFileType = file; path = "Nunito-Light.ttf"; sourceTree = "<group>"; };
		055D43BF25F2BD1A008BDC80 /* Nunito-BlackItalic.ttf */ = {isa = PBXFileReference; lastKnownFileType = file; path = "Nunito-BlackItalic.ttf"; sourceTree = "<group>"; };
		055D43C025F2BD1A008BDC80 /* Nunito-LightItalic.ttf */ = {isa = PBXFileReference; lastKnownFileType = file; path = "Nunito-LightItalic.ttf"; sourceTree = "<group>"; };
		055D43C125F2BD1A008BDC80 /* Nunito-Black.ttf */ = {isa = PBXFileReference; lastKnownFileType = file; path = "Nunito-Black.ttf"; sourceTree = "<group>"; };
		055D43C225F2BD1A008BDC80 /* Nunito-ExtraBoldItalic.ttf */ = {isa = PBXFileReference; lastKnownFileType = file; path = "Nunito-ExtraBoldItalic.ttf"; sourceTree = "<group>"; };
		055D43C325F2BD1A008BDC80 /* Nunito-SemiBold.ttf */ = {isa = PBXFileReference; lastKnownFileType = file; path = "Nunito-SemiBold.ttf"; sourceTree = "<group>"; };
		055D43C425F2BD1A008BDC80 /* Nunito-ExtraLightItalic.ttf */ = {isa = PBXFileReference; lastKnownFileType = file; path = "Nunito-ExtraLightItalic.ttf"; sourceTree = "<group>"; };
		0565AC6125F15DA300757AB1 /* DogMane.app */ = {isa = PBXFileReference; explicitFileType = wrapper.application; includeInIndex = 0; path = DogMane.app; sourceTree = BUILT_PRODUCTS_DIR; };
		0565AC6425F15DA300757AB1 /* AppDelegate.swift */ = {isa = PBXFileReference; lastKnownFileType = sourcecode.swift; path = AppDelegate.swift; sourceTree = "<group>"; };
		0565AC6825F15DA300757AB1 /* DogsListViewController.swift */ = {isa = PBXFileReference; lastKnownFileType = sourcecode.swift; path = DogsListViewController.swift; sourceTree = "<group>"; };
		0565AC6D25F15DAB00757AB1 /* Assets.xcassets */ = {isa = PBXFileReference; lastKnownFileType = folder.assetcatalog; path = Assets.xcassets; sourceTree = "<group>"; };
		0565AC7025F15DAB00757AB1 /* Base */ = {isa = PBXFileReference; lastKnownFileType = file.storyboard; name = Base; path = Base.lproj/LaunchScreen.storyboard; sourceTree = "<group>"; };
		0565AC7225F15DAB00757AB1 /* Info.plist */ = {isa = PBXFileReference; lastKnownFileType = text.plist.xml; path = Info.plist; sourceTree = "<group>"; };
		0565AC7725F15DAB00757AB1 /* DogManeTests.xctest */ = {isa = PBXFileReference; explicitFileType = wrapper.cfbundle; includeInIndex = 0; path = DogManeTests.xctest; sourceTree = BUILT_PRODUCTS_DIR; };
		0565AC7B25F15DAB00757AB1 /* DogManeTests.swift */ = {isa = PBXFileReference; lastKnownFileType = sourcecode.swift; path = DogManeTests.swift; sourceTree = "<group>"; };
		0565AC7D25F15DAB00757AB1 /* Info.plist */ = {isa = PBXFileReference; lastKnownFileType = text.plist.xml; path = Info.plist; sourceTree = "<group>"; };
		0565AC8225F15DAB00757AB1 /* DogManeUITests.xctest */ = {isa = PBXFileReference; explicitFileType = wrapper.cfbundle; includeInIndex = 0; path = DogManeUITests.xctest; sourceTree = BUILT_PRODUCTS_DIR; };
		0565AC8625F15DAB00757AB1 /* DogManeUITests.swift */ = {isa = PBXFileReference; lastKnownFileType = sourcecode.swift; path = DogManeUITests.swift; sourceTree = "<group>"; };
		0565AC8825F15DAB00757AB1 /* Info.plist */ = {isa = PBXFileReference; lastKnownFileType = text.plist.xml; path = Info.plist; sourceTree = "<group>"; };
		0569318825F16E9700A8DE42 /* DogsListViewModel.swift */ = {isa = PBXFileReference; lastKnownFileType = sourcecode.swift; path = DogsListViewModel.swift; sourceTree = "<group>"; };
		0569319A25F16F1700A8DE42 /* ViewControllerProtocol.swift */ = {isa = PBXFileReference; fileEncoding = 4; lastKnownFileType = sourcecode.swift; path = ViewControllerProtocol.swift; sourceTree = "<group>"; };
		0569319B25F16F1800A8DE42 /* ViewModelDataSourceProtocol.swift */ = {isa = PBXFileReference; fileEncoding = 4; lastKnownFileType = sourcecode.swift; path = ViewModelDataSourceProtocol.swift; sourceTree = "<group>"; };
		0569319C25F16F1800A8DE42 /* ViewModelProtocol.swift */ = {isa = PBXFileReference; fileEncoding = 4; lastKnownFileType = sourcecode.swift; path = ViewModelProtocol.swift; sourceTree = "<group>"; };
		0569319D25F16F1800A8DE42 /* Builder.swift */ = {isa = PBXFileReference; fileEncoding = 4; lastKnownFileType = sourcecode.swift; path = Builder.swift; sourceTree = "<group>"; };
		0569319E25F16F1800A8DE42 /* RouterProtocol.swift */ = {isa = PBXFileReference; fileEncoding = 4; lastKnownFileType = sourcecode.swift; path = RouterProtocol.swift; sourceTree = "<group>"; };
		056931AD25F16FD500A8DE42 /* DogsListRouter.swift */ = {isa = PBXFileReference; lastKnownFileType = sourcecode.swift; path = DogsListRouter.swift; sourceTree = "<group>"; };
/* End PBXFileReference section */

/* Begin PBXFrameworksBuildPhase section */
		0565AC5E25F15DA300757AB1 /* Frameworks */ = {
			isa = PBXFrameworksBuildPhase;
			buildActionMask = 2147483647;
			files = (
				0559D35A25F164D0000D07A1 /* RxCocoa in Frameworks */,
				055C33C225F1B1D700F8A80A /* RxDataSources in Frameworks */,
				055D435C25F28AFA008BDC80 /* RAMAnimatedTabBarController in Frameworks */,
				055D43A925F2B612008BDC80 /* SnapKit in Frameworks */,
				055D43F825F30C29008BDC80 /* ImagePicker in Frameworks */,
				0565AC9925F15E2900757AB1 /* Domain in Frameworks */,
				0565AC9F25F1601300757AB1 /* Network in Frameworks */,
				055D43EF25F2E9B4008BDC80 /* FSPagerView in Frameworks */,
				055D43DE25F2CB14008BDC80 /* Realm in Frameworks */,
				055D43D825F2C07B008BDC80 /* SBCardPopup in Frameworks */,
				055D43E025F2CB14008BDC80 /* RealmSwift in Frameworks */,
				055C340525F1F1A500F8A80A /* Kingfisher in Frameworks */,
			);
			runOnlyForDeploymentPostprocessing = 0;
		};
		0565AC7425F15DAB00757AB1 /* Frameworks */ = {
			isa = PBXFrameworksBuildPhase;
			buildActionMask = 2147483647;
			files = (
			);
			runOnlyForDeploymentPostprocessing = 0;
		};
		0565AC7F25F15DAB00757AB1 /* Frameworks */ = {
			isa = PBXFrameworksBuildPhase;
			buildActionMask = 2147483647;
			files = (
			);
			runOnlyForDeploymentPostprocessing = 0;
		};
/* End PBXFrameworksBuildPhase section */

/* Begin PBXGroup section */
		055C33C725F1B81100F8A80A /* DogDetail */ = {
			isa = PBXGroup;
			children = (
				055C33C825F1B82700F8A80A /* DogDetailViewModel.swift */,
				055C33CD25F1B83100F8A80A /* DogDetailRouter.swift */,
				055C33D525F1B85C00F8A80A /* DogDetailViewController.swift */,
				055C33DA25F1B86700F8A80A /* DogDetailBuilder.swift */,
				055C340925F1FA3200F8A80A /* DogDetailCollectionViewCell.swift */,
			);
			path = DogDetail;
			sourceTree = "<group>";
		};
		055C340E25F20F3600F8A80A /* Utils */ = {
			isa = PBXGroup;
			children = (
				055C340F25F20F4600F8A80A /* Extensions */,
			);
			path = Utils;
			sourceTree = "<group>";
		};
		055C340F25F20F4600F8A80A /* Extensions */ = {
			isa = PBXGroup;
			children = (
				055C341025F20F5500F8A80A /* UIFont+nunito.swift */,
				055D438A25F2997A008BDC80 /* UIColor+DogMane.swift */,
			);
			path = Extensions;
			sourceTree = "<group>";
		};
		055C341525F2106900F8A80A /* Resources */ = {
			isa = PBXGroup;
			children = (
				055C341625F2108000F8A80A /* Fonts */,
				0565AC6D25F15DAB00757AB1 /* Assets.xcassets */,
			);
			path = Resources;
			sourceTree = "<group>";
		};
		055C341625F2108000F8A80A /* Fonts */ = {
			isa = PBXGroup;
			children = (
				055D43C125F2BD1A008BDC80 /* Nunito-Black.ttf */,
				055D43BF25F2BD1A008BDC80 /* Nunito-BlackItalic.ttf */,
				055D43BB25F2BD19008BDC80 /* Nunito-Bold.ttf */,
				055D43BA25F2BD19008BDC80 /* Nunito-BoldItalic.ttf */,
				055D43B725F2BD19008BDC80 /* Nunito-ExtraBold.ttf */,
				055D43C225F2BD1A008BDC80 /* Nunito-ExtraBoldItalic.ttf */,
				055D43B825F2BD19008BDC80 /* Nunito-ExtraLight.ttf */,
				055D43C425F2BD1A008BDC80 /* Nunito-ExtraLightItalic.ttf */,
				055D43BE25F2BD1A008BDC80 /* Nunito-Light.ttf */,
				055D43C025F2BD1A008BDC80 /* Nunito-LightItalic.ttf */,
				055D43BC25F2BD1A008BDC80 /* Nunito-Regular.ttf */,
				055D43B925F2BD19008BDC80 /* Nunito-RegularItalic.ttf */,
				055D43C325F2BD1A008BDC80 /* Nunito-SemiBold.ttf */,
				055D43BD25F2BD1A008BDC80 /* Nunito-SemiBoldItalic.ttf */,
			);
			path = Fonts;
			sourceTree = "<group>";
		};
		055D436025F28BC6008BDC80 /* MainMenu */ = {
			isa = PBXGroup;
			children = (
				055D436125F28C3D008BDC80 /* MainTabBarViewController.swift */,
				055D437D25F28E03008BDC80 /* MainViewModel.swift */,
				055D438225F28E0E008BDC80 /* MainRouter.swift */,
				055D437825F28DBD008BDC80 /* MainBuilder.swift */,
			);
			path = MainMenu;
			sourceTree = "<group>";
		};
		055D438F25F2B140008BDC80 /* RandomDog */ = {
			isa = PBXGroup;
			children = (
				055D439025F2B170008BDC80 /* RandomDogViewController.swift */,
				055D439825F2B17C008BDC80 /* RandomDogViewModel.swift */,
				055D439D25F2B183008BDC80 /* RandomDogRouter.swift */,
				055D43A225F2B189008BDC80 /* RandomDogBuilder.swift */,
			);
			path = RandomDog;
			sourceTree = "<group>";
		};
		0565AC5825F15DA300757AB1 = {
			isa = PBXGroup;
			children = (
				0565AC6325F15DA300757AB1 /* DogMane */,
				0565AC7A25F15DAB00757AB1 /* DogManeTests */,
				0565AC8525F15DAB00757AB1 /* DogManeUITests */,
				0565AC6225F15DA300757AB1 /* Products */,
			);
			sourceTree = "<group>";
		};
		0565AC6225F15DA300757AB1 /* Products */ = {
			isa = PBXGroup;
			children = (
				0565AC6125F15DA300757AB1 /* DogMane.app */,
				0565AC7725F15DAB00757AB1 /* DogManeTests.xctest */,
				0565AC8225F15DAB00757AB1 /* DogManeUITests.xctest */,
			);
			name = Products;
			sourceTree = "<group>";
		};
		0565AC6325F15DA300757AB1 /* DogMane */ = {
			isa = PBXGroup;
			children = (
				0565AC6425F15DA300757AB1 /* AppDelegate.swift */,
				055C340E25F20F3600F8A80A /* Utils */,
				056931A825F16F2300A8DE42 /* Modules */,
				0569319825F16EF500A8DE42 /* MVVM */,
				055C341525F2106900F8A80A /* Resources */,
				0565AC6F25F15DAB00757AB1 /* LaunchScreen.storyboard */,
				0565AC7225F15DAB00757AB1 /* Info.plist */,
			);
			path = DogMane;
			sourceTree = "<group>";
		};
		0565AC7A25F15DAB00757AB1 /* DogManeTests */ = {
			isa = PBXGroup;
			children = (
				0565AC7B25F15DAB00757AB1 /* DogManeTests.swift */,
				0565AC7D25F15DAB00757AB1 /* Info.plist */,
			);
			path = DogManeTests;
			sourceTree = "<group>";
		};
		0565AC8525F15DAB00757AB1 /* DogManeUITests */ = {
			isa = PBXGroup;
			children = (
				0565AC8625F15DAB00757AB1 /* DogManeUITests.swift */,
				0565AC8825F15DAB00757AB1 /* Info.plist */,
			);
			path = DogManeUITests;
			sourceTree = "<group>";
		};
		0569319825F16EF500A8DE42 /* MVVM */ = {
			isa = PBXGroup;
			children = (
				0569319D25F16F1800A8DE42 /* Builder.swift */,
				0569319A25F16F1700A8DE42 /* ViewControllerProtocol.swift */,
				0569319B25F16F1800A8DE42 /* ViewModelDataSourceProtocol.swift */,
				0569319C25F16F1800A8DE42 /* ViewModelProtocol.swift */,
				0569319E25F16F1800A8DE42 /* RouterProtocol.swift */,
			);
			path = MVVM;
			sourceTree = "<group>";
		};
		056931A825F16F2300A8DE42 /* Modules */ = {
			isa = PBXGroup;
			children = (
				055D438F25F2B140008BDC80 /* RandomDog */,
				055D436025F28BC6008BDC80 /* MainMenu */,
				055C33C725F1B81100F8A80A /* DogDetail */,
				056931A925F16F3300A8DE42 /* DogsList */,
			);
			path = Modules;
			sourceTree = "<group>";
		};
		056931A925F16F3300A8DE42 /* DogsList */ = {
			isa = PBXGroup;
			children = (
				0565AC6825F15DA300757AB1 /* DogsListViewController.swift */,
				0569318825F16E9700A8DE42 /* DogsListViewModel.swift */,
				056931AD25F16FD500A8DE42 /* DogsListRouter.swift */,
				055C33BB25F1855000F8A80A /* DogsListBuilder.swift */,
			);
			path = DogsList;
			sourceTree = "<group>";
		};
/* End PBXGroup section */

/* Begin PBXNativeTarget section */
		0565AC6025F15DA300757AB1 /* DogMane */ = {
			isa = PBXNativeTarget;
			buildConfigurationList = 0565AC8B25F15DAB00757AB1 /* Build configuration list for PBXNativeTarget "DogMane" */;
			buildPhases = (
				0565AC5D25F15DA300757AB1 /* Sources */,
				0565AC5E25F15DA300757AB1 /* Frameworks */,
				0565AC5F25F15DA300757AB1 /* Resources */,
			);
			buildRules = (
			);
			dependencies = (
			);
			name = DogMane;
			packageProductDependencies = (
				0565AC9825F15E2900757AB1 /* Domain */,
				0565AC9E25F1601300757AB1 /* Network */,
				0559D35925F164D0000D07A1 /* RxCocoa */,
				055C33C125F1B1D700F8A80A /* RxDataSources */,
				055C340425F1F1A500F8A80A /* Kingfisher */,
				055D435B25F28AFA008BDC80 /* RAMAnimatedTabBarController */,
				055D43A825F2B612008BDC80 /* SnapKit */,
				055D43D725F2C07B008BDC80 /* SBCardPopup */,
				055D43DD25F2CB14008BDC80 /* Realm */,
				055D43DF25F2CB14008BDC80 /* RealmSwift */,
				055D43EE25F2E9B4008BDC80 /* FSPagerView */,
				055D43F725F30C29008BDC80 /* ImagePicker */,
			);
			productName = DogMane;
			productReference = 0565AC6125F15DA300757AB1 /* DogMane.app */;
			productType = "com.apple.product-type.application";
		};
		0565AC7625F15DAB00757AB1 /* DogManeTests */ = {
			isa = PBXNativeTarget;
			buildConfigurationList = 0565AC8E25F15DAB00757AB1 /* Build configuration list for PBXNativeTarget "DogManeTests" */;
			buildPhases = (
				0565AC7325F15DAB00757AB1 /* Sources */,
				0565AC7425F15DAB00757AB1 /* Frameworks */,
				0565AC7525F15DAB00757AB1 /* Resources */,
			);
			buildRules = (
			);
			dependencies = (
				0565AC7925F15DAB00757AB1 /* PBXTargetDependency */,
			);
			name = DogManeTests;
			productName = DogManeTests;
			productReference = 0565AC7725F15DAB00757AB1 /* DogManeTests.xctest */;
			productType = "com.apple.product-type.bundle.unit-test";
		};
		0565AC8125F15DAB00757AB1 /* DogManeUITests */ = {
			isa = PBXNativeTarget;
			buildConfigurationList = 0565AC9125F15DAB00757AB1 /* Build configuration list for PBXNativeTarget "DogManeUITests" */;
			buildPhases = (
				0565AC7E25F15DAB00757AB1 /* Sources */,
				0565AC7F25F15DAB00757AB1 /* Frameworks */,
				0565AC8025F15DAB00757AB1 /* Resources */,
			);
			buildRules = (
			);
			dependencies = (
				0565AC8425F15DAB00757AB1 /* PBXTargetDependency */,
			);
			name = DogManeUITests;
			productName = DogManeUITests;
			productReference = 0565AC8225F15DAB00757AB1 /* DogManeUITests.xctest */;
			productType = "com.apple.product-type.bundle.ui-testing";
		};
/* End PBXNativeTarget section */

/* Begin PBXProject section */
		0565AC5925F15DA300757AB1 /* Project object */ = {
			isa = PBXProject;
			attributes = {
				LastSwiftUpdateCheck = 1240;
				LastUpgradeCheck = 1240;
				TargetAttributes = {
					0565AC6025F15DA300757AB1 = {
						CreatedOnToolsVersion = 12.4;
					};
					0565AC7625F15DAB00757AB1 = {
						CreatedOnToolsVersion = 12.4;
						TestTargetID = 0565AC6025F15DA300757AB1;
					};
					0565AC8125F15DAB00757AB1 = {
						CreatedOnToolsVersion = 12.4;
						TestTargetID = 0565AC6025F15DA300757AB1;
					};
				};
			};
			buildConfigurationList = 0565AC5C25F15DA300757AB1 /* Build configuration list for PBXProject "DogMane" */;
			compatibilityVersion = "Xcode 9.3";
			developmentRegion = en;
			hasScannedForEncodings = 0;
			knownRegions = (
				en,
				Base,
			);
			mainGroup = 0565AC5825F15DA300757AB1;
			packageReferences = (
				0565AC9725F15E2900757AB1 /* XCRemoteSwiftPackageReference "lm-dog-Domain" */,
				0565AC9D25F1601300757AB1 /* XCRemoteSwiftPackageReference "lm-dog-Network" */,
				0559D35825F164D0000D07A1 /* XCRemoteSwiftPackageReference "RxSwift" */,
				055C33C025F1B1D700F8A80A /* XCRemoteSwiftPackageReference "RxDataSources" */,
				055C340325F1F1A500F8A80A /* XCRemoteSwiftPackageReference "Kingfisher" */,
				055D435A25F28AFA008BDC80 /* XCRemoteSwiftPackageReference "animated-tab-bar" */,
				055D43A725F2B612008BDC80 /* XCRemoteSwiftPackageReference "SnapKit" */,
				055D43D625F2C07B008BDC80 /* XCRemoteSwiftPackageReference "SBCardPopup" */,
				055D43DC25F2CB14008BDC80 /* XCRemoteSwiftPackageReference "realm-cocoa" */,
				055D43ED25F2E9B4008BDC80 /* XCRemoteSwiftPackageReference "FSPagerView" */,
				055D43F625F30C29008BDC80 /* XCRemoteSwiftPackageReference "ImagePicker" */,
			);
			productRefGroup = 0565AC6225F15DA300757AB1 /* Products */;
			projectDirPath = "";
			projectRoot = "";
			targets = (
				0565AC6025F15DA300757AB1 /* DogMane */,
				0565AC7625F15DAB00757AB1 /* DogManeTests */,
				0565AC8125F15DAB00757AB1 /* DogManeUITests */,
			);
		};
/* End PBXProject section */

/* Begin PBXResourcesBuildPhase section */
		0565AC5F25F15DA300757AB1 /* Resources */ = {
			isa = PBXResourcesBuildPhase;
			buildActionMask = 2147483647;
			files = (
				055D43C925F2BD1A008BDC80 /* Nunito-Bold.ttf in Resources */,
				055D43C825F2BD1A008BDC80 /* Nunito-BoldItalic.ttf in Resources */,
				055D43CA25F2BD1A008BDC80 /* Nunito-Regular.ttf in Resources */,
				055D43D225F2BD1A008BDC80 /* Nunito-ExtraLightItalic.ttf in Resources */,
				055D43CB25F2BD1A008BDC80 /* Nunito-SemiBoldItalic.ttf in Resources */,
				055D43C725F2BD1A008BDC80 /* Nunito-RegularItalic.ttf in Resources */,
				055D43D025F2BD1A008BDC80 /* Nunito-ExtraBoldItalic.ttf in Resources */,
				055D43C525F2BD1A008BDC80 /* Nunito-ExtraBold.ttf in Resources */,
				055D43CD25F2BD1A008BDC80 /* Nunito-BlackItalic.ttf in Resources */,
				055D43CC25F2BD1A008BDC80 /* Nunito-Light.ttf in Resources */,
				055D43D125F2BD1A008BDC80 /* Nunito-SemiBold.ttf in Resources */,
				0565AC7125F15DAB00757AB1 /* LaunchScreen.storyboard in Resources */,
				055D43CF25F2BD1A008BDC80 /* Nunito-Black.ttf in Resources */,
				0565AC6E25F15DAB00757AB1 /* Assets.xcassets in Resources */,
				055D43CE25F2BD1A008BDC80 /* Nunito-LightItalic.ttf in Resources */,
				055D43C625F2BD1A008BDC80 /* Nunito-ExtraLight.ttf in Resources */,
			);
			runOnlyForDeploymentPostprocessing = 0;
		};
		0565AC7525F15DAB00757AB1 /* Resources */ = {
			isa = PBXResourcesBuildPhase;
			buildActionMask = 2147483647;
			files = (
			);
			runOnlyForDeploymentPostprocessing = 0;
		};
		0565AC8025F15DAB00757AB1 /* Resources */ = {
			isa = PBXResourcesBuildPhase;
			buildActionMask = 2147483647;
			files = (
			);
			runOnlyForDeploymentPostprocessing = 0;
		};
/* End PBXResourcesBuildPhase section */

/* Begin PBXSourcesBuildPhase section */
		0565AC5D25F15DA300757AB1 /* Sources */ = {
			isa = PBXSourcesBuildPhase;
			buildActionMask = 2147483647;
			files = (
				056931A425F16F1800A8DE42 /* RouterProtocol.swift in Sources */,
				055C33C925F1B82700F8A80A /* DogDetailViewModel.swift in Sources */,
				055D439125F2B170008BDC80 /* RandomDogViewController.swift in Sources */,
				055D43A325F2B189008BDC80 /* RandomDogBuilder.swift in Sources */,
				055D439925F2B17C008BDC80 /* RandomDogViewModel.swift in Sources */,
				055C33CE25F1B83100F8A80A /* DogDetailRouter.swift in Sources */,
				055D436225F28C3D008BDC80 /* MainTabBarViewController.swift in Sources */,
				056931AE25F16FD500A8DE42 /* DogsListRouter.swift in Sources */,
				055D438325F28E0E008BDC80 /* MainRouter.swift in Sources */,
				055C33D625F1B85C00F8A80A /* DogDetailViewController.swift in Sources */,
				055C33BC25F1855000F8A80A /* DogsListBuilder.swift in Sources */,
				0565AC6925F15DA300757AB1 /* DogsListViewController.swift in Sources */,
				056931A125F16F1800A8DE42 /* ViewModelDataSourceProtocol.swift in Sources */,
				0569318925F16E9700A8DE42 /* DogsListViewModel.swift in Sources */,
				055C340A25F1FA3300F8A80A /* DogDetailCollectionViewCell.swift in Sources */,
				056931A225F16F1800A8DE42 /* ViewModelProtocol.swift in Sources */,
				055C341125F20F5500F8A80A /* UIFont+nunito.swift in Sources */,
				055D437E25F28E03008BDC80 /* MainViewModel.swift in Sources */,
				056931A025F16F1800A8DE42 /* ViewControllerProtocol.swift in Sources */,
				055D437925F28DBD008BDC80 /* MainBuilder.swift in Sources */,
				055C33DB25F1B86700F8A80A /* DogDetailBuilder.swift in Sources */,
				055D439E25F2B183008BDC80 /* RandomDogRouter.swift in Sources */,
				0565AC6525F15DA300757AB1 /* AppDelegate.swift in Sources */,
				055D438B25F2997A008BDC80 /* UIColor+DogMane.swift in Sources */,
				056931A325F16F1800A8DE42 /* Builder.swift in Sources */,
			);
			runOnlyForDeploymentPostprocessing = 0;
		};
		0565AC7325F15DAB00757AB1 /* Sources */ = {
			isa = PBXSourcesBuildPhase;
			buildActionMask = 2147483647;
			files = (
				0565AC7C25F15DAB00757AB1 /* DogManeTests.swift in Sources */,
			);
			runOnlyForDeploymentPostprocessing = 0;
		};
		0565AC7E25F15DAB00757AB1 /* Sources */ = {
			isa = PBXSourcesBuildPhase;
			buildActionMask = 2147483647;
			files = (
				0565AC8725F15DAB00757AB1 /* DogManeUITests.swift in Sources */,
			);
			runOnlyForDeploymentPostprocessing = 0;
		};
/* End PBXSourcesBuildPhase section */

/* Begin PBXTargetDependency section */
		0565AC7925F15DAB00757AB1 /* PBXTargetDependency */ = {
			isa = PBXTargetDependency;
			target = 0565AC6025F15DA300757AB1 /* DogMane */;
			targetProxy = 0565AC7825F15DAB00757AB1 /* PBXContainerItemProxy */;
		};
		0565AC8425F15DAB00757AB1 /* PBXTargetDependency */ = {
			isa = PBXTargetDependency;
			target = 0565AC6025F15DA300757AB1 /* DogMane */;
			targetProxy = 0565AC8325F15DAB00757AB1 /* PBXContainerItemProxy */;
		};
/* End PBXTargetDependency section */

/* Begin PBXVariantGroup section */
		0565AC6F25F15DAB00757AB1 /* LaunchScreen.storyboard */ = {
			isa = PBXVariantGroup;
			children = (
				0565AC7025F15DAB00757AB1 /* Base */,
			);
			name = LaunchScreen.storyboard;
			sourceTree = "<group>";
		};
/* End PBXVariantGroup section */

/* Begin XCBuildConfiguration section */
		0565AC8925F15DAB00757AB1 /* Debug */ = {
			isa = XCBuildConfiguration;
			buildSettings = {
				ALWAYS_SEARCH_USER_PATHS = NO;
				CLANG_ANALYZER_NONNULL = YES;
				CLANG_ANALYZER_NUMBER_OBJECT_CONVERSION = YES_AGGRESSIVE;
				CLANG_CXX_LANGUAGE_STANDARD = "gnu++14";
				CLANG_CXX_LIBRARY = "libc++";
				CLANG_ENABLE_MODULES = YES;
				CLANG_ENABLE_OBJC_ARC = YES;
				CLANG_ENABLE_OBJC_WEAK = YES;
				CLANG_WARN_BLOCK_CAPTURE_AUTORELEASING = YES;
				CLANG_WARN_BOOL_CONVERSION = YES;
				CLANG_WARN_COMMA = YES;
				CLANG_WARN_CONSTANT_CONVERSION = YES;
				CLANG_WARN_DEPRECATED_OBJC_IMPLEMENTATIONS = YES;
				CLANG_WARN_DIRECT_OBJC_ISA_USAGE = YES_ERROR;
				CLANG_WARN_DOCUMENTATION_COMMENTS = YES;
				CLANG_WARN_EMPTY_BODY = YES;
				CLANG_WARN_ENUM_CONVERSION = YES;
				CLANG_WARN_INFINITE_RECURSION = YES;
				CLANG_WARN_INT_CONVERSION = YES;
				CLANG_WARN_NON_LITERAL_NULL_CONVERSION = YES;
				CLANG_WARN_OBJC_IMPLICIT_RETAIN_SELF = YES;
				CLANG_WARN_OBJC_LITERAL_CONVERSION = YES;
				CLANG_WARN_OBJC_ROOT_CLASS = YES_ERROR;
				CLANG_WARN_QUOTED_INCLUDE_IN_FRAMEWORK_HEADER = YES;
				CLANG_WARN_RANGE_LOOP_ANALYSIS = YES;
				CLANG_WARN_STRICT_PROTOTYPES = YES;
				CLANG_WARN_SUSPICIOUS_MOVE = YES;
				CLANG_WARN_UNGUARDED_AVAILABILITY = YES_AGGRESSIVE;
				CLANG_WARN_UNREACHABLE_CODE = YES;
				CLANG_WARN__DUPLICATE_METHOD_MATCH = YES;
				COPY_PHASE_STRIP = NO;
				DEBUG_INFORMATION_FORMAT = dwarf;
				ENABLE_STRICT_OBJC_MSGSEND = YES;
				ENABLE_TESTABILITY = YES;
				GCC_C_LANGUAGE_STANDARD = gnu11;
				GCC_DYNAMIC_NO_PIC = NO;
				GCC_NO_COMMON_BLOCKS = YES;
				GCC_OPTIMIZATION_LEVEL = 0;
				GCC_PREPROCESSOR_DEFINITIONS = (
					"DEBUG=1",
					"$(inherited)",
				);
				GCC_WARN_64_TO_32_BIT_CONVERSION = YES;
				GCC_WARN_ABOUT_RETURN_TYPE = YES_ERROR;
				GCC_WARN_UNDECLARED_SELECTOR = YES;
				GCC_WARN_UNINITIALIZED_AUTOS = YES_AGGRESSIVE;
				GCC_WARN_UNUSED_FUNCTION = YES;
				GCC_WARN_UNUSED_VARIABLE = YES;
				IPHONEOS_DEPLOYMENT_TARGET = 13.0;
				MTL_ENABLE_DEBUG_INFO = INCLUDE_SOURCE;
				MTL_FAST_MATH = YES;
				ONLY_ACTIVE_ARCH = YES;
				SDKROOT = iphoneos;
				SWIFT_ACTIVE_COMPILATION_CONDITIONS = DEBUG;
				SWIFT_OPTIMIZATION_LEVEL = "-Onone";
			};
			name = Debug;
		};
		0565AC8A25F15DAB00757AB1 /* Release */ = {
			isa = XCBuildConfiguration;
			buildSettings = {
				ALWAYS_SEARCH_USER_PATHS = NO;
				CLANG_ANALYZER_NONNULL = YES;
				CLANG_ANALYZER_NUMBER_OBJECT_CONVERSION = YES_AGGRESSIVE;
				CLANG_CXX_LANGUAGE_STANDARD = "gnu++14";
				CLANG_CXX_LIBRARY = "libc++";
				CLANG_ENABLE_MODULES = YES;
				CLANG_ENABLE_OBJC_ARC = YES;
				CLANG_ENABLE_OBJC_WEAK = YES;
				CLANG_WARN_BLOCK_CAPTURE_AUTORELEASING = YES;
				CLANG_WARN_BOOL_CONVERSION = YES;
				CLANG_WARN_COMMA = YES;
				CLANG_WARN_CONSTANT_CONVERSION = YES;
				CLANG_WARN_DEPRECATED_OBJC_IMPLEMENTATIONS = YES;
				CLANG_WARN_DIRECT_OBJC_ISA_USAGE = YES_ERROR;
				CLANG_WARN_DOCUMENTATION_COMMENTS = YES;
				CLANG_WARN_EMPTY_BODY = YES;
				CLANG_WARN_ENUM_CONVERSION = YES;
				CLANG_WARN_INFINITE_RECURSION = YES;
				CLANG_WARN_INT_CONVERSION = YES;
				CLANG_WARN_NON_LITERAL_NULL_CONVERSION = YES;
				CLANG_WARN_OBJC_IMPLICIT_RETAIN_SELF = YES;
				CLANG_WARN_OBJC_LITERAL_CONVERSION = YES;
				CLANG_WARN_OBJC_ROOT_CLASS = YES_ERROR;
				CLANG_WARN_QUOTED_INCLUDE_IN_FRAMEWORK_HEADER = YES;
				CLANG_WARN_RANGE_LOOP_ANALYSIS = YES;
				CLANG_WARN_STRICT_PROTOTYPES = YES;
				CLANG_WARN_SUSPICIOUS_MOVE = YES;
				CLANG_WARN_UNGUARDED_AVAILABILITY = YES_AGGRESSIVE;
				CLANG_WARN_UNREACHABLE_CODE = YES;
				CLANG_WARN__DUPLICATE_METHOD_MATCH = YES;
				COPY_PHASE_STRIP = NO;
				DEBUG_INFORMATION_FORMAT = "dwarf-with-dsym";
				ENABLE_NS_ASSERTIONS = NO;
				ENABLE_STRICT_OBJC_MSGSEND = YES;
				GCC_C_LANGUAGE_STANDARD = gnu11;
				GCC_NO_COMMON_BLOCKS = YES;
				GCC_WARN_64_TO_32_BIT_CONVERSION = YES;
				GCC_WARN_ABOUT_RETURN_TYPE = YES_ERROR;
				GCC_WARN_UNDECLARED_SELECTOR = YES;
				GCC_WARN_UNINITIALIZED_AUTOS = YES_AGGRESSIVE;
				GCC_WARN_UNUSED_FUNCTION = YES;
				GCC_WARN_UNUSED_VARIABLE = YES;
				IPHONEOS_DEPLOYMENT_TARGET = 13.0;
				MTL_ENABLE_DEBUG_INFO = NO;
				MTL_FAST_MATH = YES;
				SDKROOT = iphoneos;
				SWIFT_COMPILATION_MODE = wholemodule;
				SWIFT_OPTIMIZATION_LEVEL = "-O";
				VALIDATE_PRODUCT = YES;
			};
			name = Release;
		};
		0565AC8C25F15DAB00757AB1 /* Debug */ = {
			isa = XCBuildConfiguration;
			buildSettings = {
				ASSETCATALOG_COMPILER_APPICON_NAME = AppIcon;
				ASSETCATALOG_COMPILER_GLOBAL_ACCENT_COLOR_NAME = AccentColor;
				CODE_SIGN_STYLE = Automatic;
				DEVELOPMENT_TEAM = S9DJ7HWPB5;
				INFOPLIST_FILE = DogMane/Info.plist;
				IPHONEOS_DEPLOYMENT_TARGET = 13.0;
				LD_RUNPATH_SEARCH_PATHS = (
					"$(inherited)",
					"@executable_path/Frameworks",
				);
				PRODUCT_BUNDLE_IDENTIFIER = com.mike.DogMane;
				PRODUCT_NAME = "$(TARGET_NAME)";
				SWIFT_VERSION = 5.0;
				TARGETED_DEVICE_FAMILY = "1,2";
			};
			name = Debug;
		};
		0565AC8D25F15DAB00757AB1 /* Release */ = {
			isa = XCBuildConfiguration;
			buildSettings = {
				ASSETCATALOG_COMPILER_APPICON_NAME = AppIcon;
				ASSETCATALOG_COMPILER_GLOBAL_ACCENT_COLOR_NAME = AccentColor;
				CODE_SIGN_STYLE = Automatic;
				DEVELOPMENT_TEAM = S9DJ7HWPB5;
				INFOPLIST_FILE = DogMane/Info.plist;
				IPHONEOS_DEPLOYMENT_TARGET = 13.0;
				LD_RUNPATH_SEARCH_PATHS = (
					"$(inherited)",
					"@executable_path/Frameworks",
				);
				PRODUCT_BUNDLE_IDENTIFIER = com.mike.DogMane;
				PRODUCT_NAME = "$(TARGET_NAME)";
				SWIFT_VERSION = 5.0;
				TARGETED_DEVICE_FAMILY = "1,2";
			};
			name = Release;
		};
		0565AC8F25F15DAB00757AB1 /* Debug */ = {
			isa = XCBuildConfiguration;
			buildSettings = {
				ALWAYS_EMBED_SWIFT_STANDARD_LIBRARIES = YES;
				BUNDLE_LOADER = "$(TEST_HOST)";
				CODE_SIGN_STYLE = Automatic;
				DEVELOPMENT_TEAM = S9DJ7HWPB5;
				INFOPLIST_FILE = DogManeTests/Info.plist;
				IPHONEOS_DEPLOYMENT_TARGET = 13.0;
				LD_RUNPATH_SEARCH_PATHS = (
					"$(inherited)",
					"@executable_path/Frameworks",
					"@loader_path/Frameworks",
				);
				PRODUCT_BUNDLE_IDENTIFIER = com.mike.DogManeTests;
				PRODUCT_NAME = "$(TARGET_NAME)";
				SWIFT_VERSION = 5.0;
				TARGETED_DEVICE_FAMILY = "1,2";
				TEST_HOST = "$(BUILT_PRODUCTS_DIR)/DogMane.app/DogMane";
			};
			name = Debug;
		};
		0565AC9025F15DAB00757AB1 /* Release */ = {
			isa = XCBuildConfiguration;
			buildSettings = {
				ALWAYS_EMBED_SWIFT_STANDARD_LIBRARIES = YES;
				BUNDLE_LOADER = "$(TEST_HOST)";
				CODE_SIGN_STYLE = Automatic;
				DEVELOPMENT_TEAM = S9DJ7HWPB5;
				INFOPLIST_FILE = DogManeTests/Info.plist;
				IPHONEOS_DEPLOYMENT_TARGET = 13.0;
				LD_RUNPATH_SEARCH_PATHS = (
					"$(inherited)",
					"@executable_path/Frameworks",
					"@loader_path/Frameworks",
				);
				PRODUCT_BUNDLE_IDENTIFIER = com.mike.DogManeTests;
				PRODUCT_NAME = "$(TARGET_NAME)";
				SWIFT_VERSION = 5.0;
				TARGETED_DEVICE_FAMILY = "1,2";
				TEST_HOST = "$(BUILT_PRODUCTS_DIR)/DogMane.app/DogMane";
			};
			name = Release;
		};
		0565AC9225F15DAB00757AB1 /* Debug */ = {
			isa = XCBuildConfiguration;
			buildSettings = {
				ALWAYS_EMBED_SWIFT_STANDARD_LIBRARIES = YES;
				CODE_SIGN_STYLE = Automatic;
				DEVELOPMENT_TEAM = S9DJ7HWPB5;
				INFOPLIST_FILE = DogManeUITests/Info.plist;
				LD_RUNPATH_SEARCH_PATHS = (
					"$(inherited)",
					"@executable_path/Frameworks",
					"@loader_path/Frameworks",
				);
				PRODUCT_BUNDLE_IDENTIFIER = com.mike.DogManeUITests;
				PRODUCT_NAME = "$(TARGET_NAME)";
				SWIFT_VERSION = 5.0;
				TARGETED_DEVICE_FAMILY = "1,2";
				TEST_TARGET_NAME = DogMane;
			};
			name = Debug;
		};
		0565AC9325F15DAB00757AB1 /* Release */ = {
			isa = XCBuildConfiguration;
			buildSettings = {
				ALWAYS_EMBED_SWIFT_STANDARD_LIBRARIES = YES;
				CODE_SIGN_STYLE = Automatic;
				DEVELOPMENT_TEAM = S9DJ7HWPB5;
				INFOPLIST_FILE = DogManeUITests/Info.plist;
				LD_RUNPATH_SEARCH_PATHS = (
					"$(inherited)",
					"@executable_path/Frameworks",
					"@loader_path/Frameworks",
				);
				PRODUCT_BUNDLE_IDENTIFIER = com.mike.DogManeUITests;
				PRODUCT_NAME = "$(TARGET_NAME)";
				SWIFT_VERSION = 5.0;
				TARGETED_DEVICE_FAMILY = "1,2";
				TEST_TARGET_NAME = DogMane;
			};
			name = Release;
		};
/* End XCBuildConfiguration section */

/* Begin XCConfigurationList section */
		0565AC5C25F15DA300757AB1 /* Build configuration list for PBXProject "DogMane" */ = {
			isa = XCConfigurationList;
			buildConfigurations = (
				0565AC8925F15DAB00757AB1 /* Debug */,
				0565AC8A25F15DAB00757AB1 /* Release */,
			);
			defaultConfigurationIsVisible = 0;
			defaultConfigurationName = Release;
		};
		0565AC8B25F15DAB00757AB1 /* Build configuration list for PBXNativeTarget "DogMane" */ = {
			isa = XCConfigurationList;
			buildConfigurations = (
				0565AC8C25F15DAB00757AB1 /* Debug */,
				0565AC8D25F15DAB00757AB1 /* Release */,
			);
			defaultConfigurationIsVisible = 0;
			defaultConfigurationName = Release;
		};
		0565AC8E25F15DAB00757AB1 /* Build configuration list for PBXNativeTarget "DogManeTests" */ = {
			isa = XCConfigurationList;
			buildConfigurations = (
				0565AC8F25F15DAB00757AB1 /* Debug */,
				0565AC9025F15DAB00757AB1 /* Release */,
			);
			defaultConfigurationIsVisible = 0;
			defaultConfigurationName = Release;
		};
		0565AC9125F15DAB00757AB1 /* Build configuration list for PBXNativeTarget "DogManeUITests" */ = {
			isa = XCConfigurationList;
			buildConfigurations = (
				0565AC9225F15DAB00757AB1 /* Debug */,
				0565AC9325F15DAB00757AB1 /* Release */,
			);
			defaultConfigurationIsVisible = 0;
			defaultConfigurationName = Release;
		};
/* End XCConfigurationList section */

/* Begin XCRemoteSwiftPackageReference section */
		0559D35825F164D0000D07A1 /* XCRemoteSwiftPackageReference "RxSwift" */ = {
			isa = XCRemoteSwiftPackageReference;
			repositoryURL = "https://github.com/ReactiveX/RxSwift";
			requirement = {
				kind = upToNextMajorVersion;
				minimumVersion = 4.5.0;
			};
		};
		055C33C025F1B1D700F8A80A /* XCRemoteSwiftPackageReference "RxDataSources" */ = {
			isa = XCRemoteSwiftPackageReference;
			repositoryURL = "https://github.com/RxSwiftCommunity/RxDataSources";
			requirement = {
				kind = upToNextMajorVersion;
				minimumVersion = 3.1.0;
			};
		};
		055C340325F1F1A500F8A80A /* XCRemoteSwiftPackageReference "Kingfisher" */ = {
			isa = XCRemoteSwiftPackageReference;
			repositoryURL = "https://github.com/onevcat/Kingfisher";
			requirement = {
				kind = upToNextMajorVersion;
				minimumVersion = 6.1.1;
			};
		};
		055D435A25F28AFA008BDC80 /* XCRemoteSwiftPackageReference "animated-tab-bar" */ = {
			isa = XCRemoteSwiftPackageReference;
			repositoryURL = "https://github.com/Ramotion/animated-tab-bar";
			requirement = {
				kind = upToNextMajorVersion;
				minimumVersion = 5.2.0;
			};
		};
		055D43A725F2B612008BDC80 /* XCRemoteSwiftPackageReference "SnapKit" */ = {
			isa = XCRemoteSwiftPackageReference;
			repositoryURL = "https://github.com/SnapKit/SnapKit";
			requirement = {
				kind = upToNextMajorVersion;
				minimumVersion = 5.0.1;
			};
		};
		055D43D625F2C07B008BDC80 /* XCRemoteSwiftPackageReference "SBCardPopup" */ = {
			isa = XCRemoteSwiftPackageReference;
			repositoryURL = "https://github.com/SteveBarnegren/SBCardPopup";
			requirement = {
				kind = upToNextMajorVersion;
				minimumVersion = 0.3.0;
			};
		};
		055D43DC25F2CB14008BDC80 /* XCRemoteSwiftPackageReference "realm-cocoa" */ = {
			isa = XCRemoteSwiftPackageReference;
			repositoryURL = "https://github.com/realm/realm-cocoa";
			requirement = {
				kind = upToNextMajorVersion;
				minimumVersion = 10.7.1;
			};
		};
		055D43ED25F2E9B4008BDC80 /* XCRemoteSwiftPackageReference "FSPagerView" */ = {
			isa = XCRemoteSwiftPackageReference;
			repositoryURL = "https://github.com/WenchaoD/FSPagerView";
			requirement = {
				branch = master;
				kind = branch;
			};
		};
		055D43F625F30C29008BDC80 /* XCRemoteSwiftPackageReference "ImagePicker" */ = {
			isa = XCRemoteSwiftPackageReference;
			repositoryURL = "https://github.com/hyperoslo/ImagePicker";
			requirement = {
				branch = master;
				kind = branch;
			};
		};
		0565AC9725F15E2900757AB1 /* XCRemoteSwiftPackageReference "lm-dog-Domain" */ = {
			isa = XCRemoteSwiftPackageReference;
			repositoryURL = "https://github.com/mikeshep/lm-dog-Domain.git";
			requirement = {
				kind = upToNextMajorVersion;
				minimumVersion = 1.0.3;
			};
		};
		0565AC9D25F1601300757AB1 /* XCRemoteSwiftPackageReference "lm-dog-Network" */ = {
			isa = XCRemoteSwiftPackageReference;
			repositoryURL = "https://github.com/mikeshep/lm-dog-Network.git";
			requirement = {
				kind = upToNextMajorVersion;
				minimumVersion = 1.0.4;
			};
		};
/* End XCRemoteSwiftPackageReference section */

/* Begin XCSwiftPackageProductDependency section */
		0559D35925F164D0000D07A1 /* RxCocoa */ = {
			isa = XCSwiftPackageProductDependency;
			package = 0559D35825F164D0000D07A1 /* XCRemoteSwiftPackageReference "RxSwift" */;
			productName = RxCocoa;
		};
		055C33C125F1B1D700F8A80A /* RxDataSources */ = {
			isa = XCSwiftPackageProductDependency;
			package = 055C33C025F1B1D700F8A80A /* XCRemoteSwiftPackageReference "RxDataSources" */;
			productName = RxDataSources;
		};
		055C340425F1F1A500F8A80A /* Kingfisher */ = {
			isa = XCSwiftPackageProductDependency;
			package = 055C340325F1F1A500F8A80A /* XCRemoteSwiftPackageReference "Kingfisher" */;
			productName = Kingfisher;
		};
		055D435B25F28AFA008BDC80 /* RAMAnimatedTabBarController */ = {
			isa = XCSwiftPackageProductDependency;
			package = 055D435A25F28AFA008BDC80 /* XCRemoteSwiftPackageReference "animated-tab-bar" */;
			productName = RAMAnimatedTabBarController;
		};
		055D43A825F2B612008BDC80 /* SnapKit */ = {
			isa = XCSwiftPackageProductDependency;
			package = 055D43A725F2B612008BDC80 /* XCRemoteSwiftPackageReference "SnapKit" */;
			productName = SnapKit;
		};
		055D43D725F2C07B008BDC80 /* SBCardPopup */ = {
			isa = XCSwiftPackageProductDependency;
			package = 055D43D625F2C07B008BDC80 /* XCRemoteSwiftPackageReference "SBCardPopup" */;
			productName = SBCardPopup;
		};
		055D43DD25F2CB14008BDC80 /* Realm */ = {
			isa = XCSwiftPackageProductDependency;
			package = 055D43DC25F2CB14008BDC80 /* XCRemoteSwiftPackageReference "realm-cocoa" */;
			productName = Realm;
		};
		055D43DF25F2CB14008BDC80 /* RealmSwift */ = {
			isa = XCSwiftPackageProductDependency;
			package = 055D43DC25F2CB14008BDC80 /* XCRemoteSwiftPackageReference "realm-cocoa" */;
			productName = RealmSwift;
		};
		055D43EE25F2E9B4008BDC80 /* FSPagerView */ = {
			isa = XCSwiftPackageProductDependency;
			package = 055D43ED25F2E9B4008BDC80 /* XCRemoteSwiftPackageReference "FSPagerView" */;
			productName = FSPagerView;
		};
		055D43F725F30C29008BDC80 /* ImagePicker */ = {
			isa = XCSwiftPackageProductDependency;
			package = 055D43F625F30C29008BDC80 /* XCRemoteSwiftPackageReference "ImagePicker" */;
			productName = ImagePicker;
		};
		0565AC9825F15E2900757AB1 /* Domain */ = {
			isa = XCSwiftPackageProductDependency;
			package = 0565AC9725F15E2900757AB1 /* XCRemoteSwiftPackageReference "lm-dog-Domain" */;
			productName = Domain;
		};
		0565AC9E25F1601300757AB1 /* Network */ = {
			isa = XCSwiftPackageProductDependency;
			package = 0565AC9D25F1601300757AB1 /* XCRemoteSwiftPackageReference "lm-dog-Network" */;
			productName = Network;
		};
/* End XCSwiftPackageProductDependency section */
	};
	rootObject = 0565AC5925F15DA300757AB1 /* Project object */;
}
